<?xml version="1.0" encoding="utf-8"?>
<Project ToolsVersion="4.0" xmlns="http://schemas.microsoft.com/developer/msbuild/2003">
  <ItemGroup>
    <ApplicationDefinition Include="App.xaml" />
  </ItemGroup>
  <ItemGroup>
    <Page Include="MainWindow.xaml" />
    <Page Include="MainPage.xaml" />
    <Page Include="MakeCredentialPage.xaml" />
    <Page Include="GetAssertion.xaml" />
  </ItemGroup>
  <ItemGroup>
    <Midl Include="App.idl" />
    <Midl Include="MainWindow.idl" />
    <Midl Include="Credential.idl" />
    <Midl Include="CredentialListViewModel.idl" />
    <Midl Include="PluginOperationPage.idl" />
    <Midl Include="Converter\Converters.idl" />
  </ItemGroup>
  <ItemGroup>
    <ClCompile Include="pch.cpp" />
    <ClCompile Include="$(GeneratedFilesDir)module.g.cpp" />
    <ClCompile Include="CredentialListViewModel.cpp" />
    <ClCompile Include="PluginManagement\PluginRegistrationManager.cpp" />
    <ClCompile Include="PluginAuthenticator\PluginAuthenticatorImpl.cpp" />
    <ClCompile Include="PluginManagement\PluginCredentialManager.cpp" />
    <ClCompile Include="Converter\BitwiseFlagToVisibilityConverter.cpp" />
    <ClCompile Include="src\Config.cpp">
      <Filter>src</Filter>
    </ClCompile>
    <ClCompile Include="src\SyncSnapshotStore.cpp">
      <Filter>src</Filter>
    </ClCompile>
    <ClCompile Include="src\SyncHistoryStore.cpp">
      <Filter>src</Filter>
    </ClCompile>
    <ClCompile Include="src\SyncClient.cpp">
      <Filter>src</Filter>
    </ClCompile>
    <ClCompile Include="src\VaultSerialization.cpp">
      <Filter>src</Filter>
    </ClCompile>
  </ItemGroup>
  <ItemGroup>
    <ClInclude Include="pch.h" />
    <ClInclude Include="CredentialListViewModel.h" />
    <ClInclude Include="PluginManagement\PluginRegistrationManager.h" />
    <ClInclude Include="resource.h" />
    <ClInclude Include="PluginAuthenticator\PluginAuthenticatorImpl.h" />
    <ClInclude Include="PluginManagement\PluginCredentialManager.h" />
    <ClInclude Include="Converter\BitwiseFlagToVisibilityConverter.h" />
    <ClInclude Include="helpers\buffer_read_write.h" />
    <ClInclude Include="src\Config.h">
      <Filter>src</Filter>
    </ClInclude>
    <ClInclude Include="src\DiagnosticsConfig.h">
      <Filter>src</Filter>
    </ClInclude>
    <ClInclude Include="src\SyncSnapshotStore.h">
      <Filter>src</Filter>
    </ClInclude>
    <ClInclude Include="src\SyncHistoryStore.h">
      <Filter>src</Filter>
    </ClInclude>
    <ClInclude Include="src\SyncClient.h">
      <Filter>src</Filter>
    </ClInclude>
    <ClInclude Include="src\VaultModel.h">
      <Filter>src</Filter>
    </ClInclude>
    <ClInclude Include="src\VaultSerialization.h">
      <Filter>src</Filter>
    </ClInclude>
  </ItemGroup>
  <ItemGroup>
    <Image Include="Assets\SplashScreen.scale-100.png" />
    <Image Include="Assets\icon.ico">
      <Filter>Assets</Filter>
    </Image>
    <Image Include="Assets\LargeTile.scale-100.png">
      <Filter>Assets</Filter>
    </Image>
    <Image Include="Assets\LargeTile.scale-400.png">
      <Filter>Assets</Filter>
    </Image>
    <Image Include="Assets\LockScreenLogo.scale-200.png">
      <Filter>Assets</Filter>
    </Image>
    <Image Include="Assets\SmallTile.scale-100.png">
      <Filter>Assets</Filter>
    </Image>
    <Image Include="Assets\SmallTile.scale-400.png">
      <Filter>Assets</Filter>
    </Image>
    <Image Include="Assets\SplashScreen.scale-400.png">
      <Filter>Assets</Filter>
    </Image>
    <Image Include="Assets\Square44x44Logo.altform-lightunplated_targetsize-16.png">
      <Filter>Assets</Filter>
    </Image>
    <Image Include="Assets\Square44x44Logo.altform-lightunplated_targetsize-256.png">
      <Filter>Assets</Filter>
    </Image>
    <Image Include="Assets\Square44x44Logo.altform-unplated_targetsize-16.png">
      <Filter>Assets</Filter>
    </Image>
    <Image Include="Assets\Square44x44Logo.altform-unplated_targetsize-256.png">
      <Filter>Assets</Filter>
    </Image>
    <Image Include="Assets\Square44x44Logo.scale-100.png">
      <Filter>Assets</Filter>
    </Image>
    <Image Include="Assets\Square44x44Logo.scale-400.png">
      <Filter>Assets</Filter>
    </Image>
    <Image Include="Assets\Square44x44Logo.targetsize-16.png">
      <Filter>Assets</Filter>
    </Image>
    <Image Include="Assets\Square44x44Logo.targetsize-24_altform-unplated.png">
      <Filter>Assets</Filter>
    </Image>
    <Image Include="Assets\Square44x44Logo.targetsize-256.png">
      <Filter>Assets</Filter>
    </Image>
    <Image Include="Assets\Square150x150Logo.scale-100.png">
      <Filter>Assets</Filter>
    </Image>
    <Image Include="Assets\Square150x150Logo.scale-400.png">
      <Filter>Assets</Filter>
    </Image>
    <Image Include="Assets\StoreLogo.scale-400.png">
      <Filter>Assets</Filter>
    </Image>
    <Image Include="Assets\Wide310x150Logo.scale-100.png">
      <Filter>Assets</Filter>
    </Image>
    <Image Include="Assets\Wide310x150Logo.scale-400.png">
      <Filter>Assets</Filter>
    </Image>
    <Image Include="Assets\SmallTile.scale-100.scale-100.png">
      <Filter>Assets</Filter>
    </Image>
    <Image Include="Assets\SmallTile.scale-100.scale-125.png">
      <Filter>Assets</Filter>
    </Image>
    <Image Include="Assets\SmallTile.scale-100.scale-150.png">
      <Filter>Assets</Filter>
    </Image>
    <Image Include="Assets\SmallTile.scale-100.scale-200.png">
      <Filter>Assets</Filter>
    </Image>
    <Image Include="Assets\SmallTile.scale-100.scale-400.png">
      <Filter>Assets</Filter>
    </Image>
    <Image Include="Assets\Square150x150Logo.scale-100.scale-100.png">
      <Filter>Assets</Filter>
    </Image>
    <Image Include="Assets\Square150x150Logo.scale-100.scale-125.png">
      <Filter>Assets</Filter>
    </Image>
    <Image Include="Assets\Square150x150Logo.scale-100.scale-150.png">
      <Filter>Assets</Filter>
    </Image>
    <Image Include="Assets\Square150x150Logo.scale-100.scale-200.png">
      <Filter>Assets</Filter>
    </Image>
    <Image Include="Assets\Square150x150Logo.scale-100.scale-400.png">
      <Filter>Assets</Filter>
    </Image>
    <Image Include="Assets\Wide310x150Logo.scale-100.scale-100.png">
      <Filter>Assets</Filter>
    </Image>
    <Image Include="Assets\Wide310x150Logo.scale-100.scale-125.png">
      <Filter>Assets</Filter>
    </Image>
    <Image Include="Assets\Wide310x150Logo.scale-100.scale-150.png">
      <Filter>Assets</Filter>
    </Image>
    <Image Include="Assets\Wide310x150Logo.scale-100.scale-200.png">
      <Filter>Assets</Filter>
    </Image>
    <Image Include="Assets\Wide310x150Logo.scale-100.scale-400.png">
      <Filter>Assets</Filter>
    </Image>
    <Image Include="Assets\LargeTile.scale-100.scale-100.png">
      <Filter>Assets</Filter>
    </Image>
    <Image Include="Assets\LargeTile.scale-100.scale-125.png">
      <Filter>Assets</Filter>
    </Image>
    <Image Include="Assets\LargeTile.scale-100.scale-150.png">
      <Filter>Assets</Filter>
    </Image>
    <Image Include="Assets\LargeTile.scale-100.scale-200.png">
      <Filter>Assets</Filter>
    </Image>
    <Image Include="Assets\LargeTile.scale-100.scale-400.png">
      <Filter>Assets</Filter>
    </Image>
    <Image Include="Assets\Square44x44Logo.scale-100.scale-100.png">
      <Filter>Assets</Filter>
    </Image>
    <Image Include="Assets\Square44x44Logo.scale-100.scale-125.png">
      <Filter>Assets</Filter>
    </Image>
    <Image Include="Assets\Square44x44Logo.scale-100.scale-150.png">
      <Filter>Assets</Filter>
    </Image>
    <Image Include="Assets\Square44x44Logo.scale-100.scale-200.png">
      <Filter>Assets</Filter>
    </Image>
    <Image Include="Assets\Square44x44Logo.scale-100.scale-400.png">
      <Filter>Assets</Filter>
    </Image>
    <Image Include="Assets\Square44x44Logo.scale-100.targetsize-16.png">
      <Filter>Assets</Filter>
    </Image>
    <Image Include="Assets\Square44x44Logo.scale-100.targetsize-24.png">
      <Filter>Assets</Filter>
    </Image>
    <Image Include="Assets\Square44x44Logo.scale-100.targetsize-32.png">
      <Filter>Assets</Filter>
    </Image>
    <Image Include="Assets\Square44x44Logo.scale-100.targetsize-48.png">
      <Filter>Assets</Filter>
    </Image>
    <Image Include="Assets\Square44x44Logo.scale-100.targetsize-256.png">
      <Filter>Assets</Filter>
    </Image>
    <Image Include="Assets\Square44x44Logo.scale-100.altform-unplated_targetsize-16.png">
      <Filter>Assets</Filter>
    </Image>
    <Image Include="Assets\Square44x44Logo.scale-100.altform-unplated_targetsize-24.png">
      <Filter>Assets</Filter>
    </Image>
    <Image Include="Assets\Square44x44Logo.scale-100.altform-unplated_targetsize-32.png">
      <Filter>Assets</Filter>
    </Image>
    <Image Include="Assets\Square44x44Logo.scale-100.altform-unplated_targetsize-48.png">
      <Filter>Assets</Filter>
    </Image>
    <Image Include="Assets\Square44x44Logo.scale-100.altform-unplated_targetsize-256.png">
      <Filter>Assets</Filter>
    </Image>
    <Image Include="Assets\Square44x44Logo.scale-100.altform-lightunplated_targetsize-16.png">
      <Filter>Assets</Filter>
    </Image>
    <Image Include="Assets\Square44x44Logo.scale-100.altform-lightunplated_targetsize-24.png">
      <Filter>Assets</Filter>
    </Image>
    <Image Include="Assets\Square44x44Logo.scale-100.altform-lightunplated_targetsize-32.png">
      <Filter>Assets</Filter>
    </Image>
    <Image Include="Assets\Square44x44Logo.scale-100.altform-lightunplated_targetsize-48.png">
      <Filter>Assets</Filter>
    </Image>
    <Image Include="Assets\Square44x44Logo.scale-100.altform-lightunplated_targetsize-256.png">
      <Filter>Assets</Filter>
    </Image>
    <Image Include="Assets\SplashScreen.scale-100.scale-100.png">
      <Filter>Assets</Filter>
    </Image>
    <Image Include="Assets\SplashScreen.scale-100.scale-125.png">
      <Filter>Assets</Filter>
    </Image>
    <Image Include="Assets\SplashScreen.scale-100.scale-150.png">
      <Filter>Assets</Filter>
    </Image>
    <Image Include="Assets\SplashScreen.scale-100.scale-200.png">
      <Filter>Assets</Filter>
    </Image>
    <Image Include="Assets\SplashScreen.scale-100.scale-400.png">
      <Filter>Assets</Filter>
    </Image>
    <Image Include="Assets\StoreLogo.scale-400.scale-100.png">
      <Filter>Assets</Filter>
    </Image>
    <Image Include="Assets\StoreLogo.scale-400.scale-125.png">
      <Filter>Assets</Filter>
    </Image>
    <Image Include="Assets\StoreLogo.scale-400.scale-150.png">
      <Filter>Assets</Filter>
    </Image>
    <Image Include="Assets\StoreLogo.scale-400.scale-200.png">
      <Filter>Assets</Filter>
    </Image>
    <Image Include="Assets\StoreLogo.scale-400.scale-400.png">
      <Filter>Assets</Filter>
    </Image>
    <Image Include="Assets\SmallTile.scale-125.png">
      <Filter>Assets</Filter>
    </Image>
    <Image Include="Assets\SmallTile.scale-150.png">
      <Filter>Assets</Filter>
    </Image>
    <Image Include="Assets\SmallTile.scale-200.png">
      <Filter>Assets</Filter>
    </Image>
    <Image Include="Assets\Square150x150Logo.scale-125.png">
      <Filter>Assets</Filter>
    </Image>
    <Image Include="Assets\Square150x150Logo.scale-150.png">
      <Filter>Assets</Filter>
    </Image>
    <Image Include="Assets\Square150x150Logo.scale-200.png">
      <Filter>Assets</Filter>
    </Image>
    <Image Include="Assets\Wide310x150Logo.scale-125.png">
      <Filter>Assets</Filter>
    </Image>
    <Image Include="Assets\Wide310x150Logo.scale-150.png">
      <Filter>Assets</Filter>
    </Image>
    <Image Include="Assets\Wide310x150Logo.scale-200.png">
      <Filter>Assets</Filter>
    </Image>
    <Image Include="Assets\LargeTile.scale-125.png">
      <Filter>Assets</Filter>
    </Image>
    <Image Include="Assets\LargeTile.scale-150.png">
      <Filter>Assets</Filter>
    </Image>
    <Image Include="Assets\LargeTile.scale-200.png">
      <Filter>Assets</Filter>
    </Image>
    <Image Include="Assets\Square44x44Logo.scale-125.png">
      <Filter>Assets</Filter>
    </Image>
    <Image Include="Assets\Square44x44Logo.scale-150.png">
      <Filter>Assets</Filter>
    </Image>
    <Image Include="Assets\Square44x44Logo.scale-200.png">
      <Filter>Assets</Filter>
    </Image>
    <Image Include="Assets\Square44x44Logo.targetsize-24.png">
      <Filter>Assets</Filter>
    </Image>
    <Image Include="Assets\Square44x44Logo.targetsize-32.png">
      <Filter>Assets</Filter>
    </Image>
    <Image Include="Assets\Square44x44Logo.targetsize-48.png">
      <Filter>Assets</Filter>
    </Image>
    <Image Include="Assets\Square44x44Logo.altform-unplated_targetsize-32.png">
      <Filter>Assets</Filter>
    </Image>
    <Image Include="Assets\Square44x44Logo.altform-unplated_targetsize-48.png">
      <Filter>Assets</Filter>
    </Image>
    <Image Include="Assets\Square44x44Logo.altform-lightunplated_targetsize-24.png">
      <Filter>Assets</Filter>
    </Image>
    <Image Include="Assets\Square44x44Logo.altform-lightunplated_targetsize-32.png">
      <Filter>Assets</Filter>
    </Image>
    <Image Include="Assets\Square44x44Logo.altform-lightunplated_targetsize-48.png">
      <Filter>Assets</Filter>
    </Image>
    <Image Include="Assets\SplashScreen.scale-125.png">
      <Filter>Assets</Filter>
    </Image>
    <Image Include="Assets\SplashScreen.scale-150.png">
      <Filter>Assets</Filter>
    </Image>
    <Image Include="Assets\SplashScreen.scale-200.png">
      <Filter>Assets</Filter>
    </Image>
    <Image Include="Assets\StoreLogo.scale-100.png">
      <Filter>Assets</Filter>
    </Image>
    <Image Include="Assets\StoreLogo.scale-125.png">
      <Filter>Assets</Filter>
    </Image>
    <Image Include="Assets\StoreLogo.scale-150.png">
      <Filter>Assets</Filter>
    </Image>
    <Image Include="Assets\StoreLogo.scale-200.png">
      <Filter>Assets</Filter>
    </Image>
  </ItemGroup>
  <ItemGroup>
    <Filter Include="Assets">
      <UniqueIdentifier>{4fcf5980-c8b1-4e00-93d9-f79c7b718387}</UniqueIdentifier>
    </Filter>
    <Filter Include="docs">
      <UniqueIdentifier>{1CFF31B3-6B15-428D-B048-0C5E9C40E7A0}</UniqueIdentifier>
    </Filter>
    <Filter Include="docs\adr">
      <UniqueIdentifier>{9B6DF3F0-8D65-41A6-AF47-62E96CF45F80}</UniqueIdentifier>
    </Filter>
    <Filter Include="docs\samples">
      <UniqueIdentifier>{10D85EEA-2B59-409E-B4F7-D5B29E4368B5}</UniqueIdentifier>
    </Filter>
    <Filter Include="publish">
      <UniqueIdentifier>{5F7984E2-3C40-4BC3-9E56-45A21B4E62D2}</UniqueIdentifier>
    </Filter>
    <Filter Include="sync-mvp-api">
      <UniqueIdentifier>{C52E1287-3A49-46AA-B783-A18E2D4D6746}</UniqueIdentifier>
    </Filter>
    <Filter Include="sync-mvp-api\Properties">
      <UniqueIdentifier>{5438E7A5-E2E7-40EA-B8B8-804C4CCDC104}</UniqueIdentifier>
    </Filter>
    <Filter Include="sync-mvp-api\data">
      <UniqueIdentifier>{A8D0FDD5-A597-4442-9A81-B8D5C3EBEE7B}</UniqueIdentifier>
    </Filter>
    <Filter Include="sync-mvp-api\scripts">
      <UniqueIdentifier>{D1EC7542-B2F0-4F53-A89D-9E1FA6A9A742}</UniqueIdentifier>
    </Filter>
    <Filter Include="src">
      <UniqueIdentifier>{66BD6107-0812-4014-A3C2-1ED357A03E58}</UniqueIdentifier>
    </Filter>
  </ItemGroup>
  <ItemGroup>
    <Manifest Include="app.manifest" />
  </ItemGroup>
  <ItemGroup>
    <AppxManifest Include="Package.appxmanifest" />
  </ItemGroup>
  <ItemGroup>
    <None Include="packages.config" />
    <None Include="Assets\Square192x192Logo.svg" />
    <None Include="Assets\PasskeyManager.svg" />
    <None Include="docs\PR_TEMPLATE_SNIPPETS.md">
      <Filter>docs</Filter>
    </None>
    <None Include="docs\README.md">
      <Filter>docs</Filter>
    </None>
    <None Include="docs\audit_submission_form.csv">
      <Filter>docs</Filter>
    </None>
    <None Include="docs\check_request_id_gap_blocks.cmd">
      <Filter>docs</Filter>
    </None>
    <None Include="docs\check_request_id_gap_blocks.ps1">
      <Filter>docs</Filter>
    </None>
    <None Include="docs\check_sync_log_keys.cmd">
      <Filter>docs</Filter>
    </None>
    <None Include="docs\check_sync_log_keys_samples.cmd">
      <Filter>docs</Filter>
    </None>
    <None Include="docs\check_sync_runtime_log_keys.cmd">
      <Filter>docs</Filter>
    </None>
    <None Include="docs\check_sync_runtime_log_keys.ps1">
      <Filter>docs</Filter>
    </None>
    <None Include="docs\check_sync_runtime_log_keys_samples.cmd">
      <Filter>docs</Filter>
    </None>
    <None Include="docs\jira_import_compatible.csv">
      <Filter>docs</Filter>
    </None>
    <None Include="docs\next_task_kickoff.md">
      <Filter>docs</Filter>
    </None>
    <None Include="docs\plugin_state_transition_test.md">
      <Filter>docs</Filter>
    </None>
    <None Include="docs\pr_comment_short.md">
      <Filter>docs</Filter>
    </None>
    <None Include="docs\pr_operation_normalization_rollout.md">
      <Filter>docs</Filter>
    </None>
    <None Include="docs\pr_runtime_checker_update.md">
      <Filter>docs</Filter>
    </None>
    <None Include="docs\pr_short_summary_name_not_resolved_host.md">
      <Filter>docs</Filter>
    </None>
    <None Include="docs\request_id_gap_report.md">
      <Filter>docs</Filter>
    </None>
    <None Include="docs\runtime_checker_rollout_completion.md">
      <Filter>docs</Filter>
    </None>
    <None Include="docs\sync_client_abnormal_log_scenarios.md">
      <Filter>docs</Filter>
    </None>
    <None Include="docs\sync_log_keys_handoff.md">
      <Filter>docs</Filter>
    </None>
    <None Include="docs\sync_log_keys_release_package.md">
      <Filter>docs</Filter>
    </None>
    <None Include="docs\sync_log_keys_submission_mail.md">
      <Filter>docs</Filter>
    </None>
    <None Include="docs\sync_mvp_api_issue_templates.md">
      <Filter>docs</Filter>
    </None>
    <None Include="docs\sync_mvp_api_operations_checklist.md">
      <Filter>docs</Filter>
    </None>
    <None Include="docs\tsupasswd_core_threat_model.md">
      <Filter>docs</Filter>
    </None>
    <None Include="docs\windows_app_install_troubleshooting.md">
      <Filter>docs</Filter>
    </None>
    <None Include="docs\adr\0001-key-hierarchy-and-secret-storage.md">
      <Filter>docs\adr</Filter>
    </None>
    <None Include="docs\samples\abnormal_sync_logs_fail.txt">
      <Filter>docs\samples</Filter>
    </None>
    <None Include="docs\samples\abnormal_sync_logs_fail_failure_kind_value.txt">
      <Filter>docs\samples</Filter>
    </None>
    <None Include="docs\samples\abnormal_sync_logs_fail_name_resolution_host.txt">
      <Filter>docs\samples</Filter>
    </None>
    <None Include="docs\samples\abnormal_sync_logs_fail_request_id_format.txt">
      <Filter>docs\samples</Filter>
    </None>
    <None Include="docs\samples\abnormal_sync_logs_pass.txt">
      <Filter>docs\samples</Filter>
    </None>
    <None Include="docs\samples\runtime_sync_logs_fail.txt">
      <Filter>docs\samples</Filter>
    </None>
    <None Include="docs\samples\runtime_sync_logs_fail_delete_everywhere_summary_request_id.txt">
      <Filter>docs\samples</Filter>
    </None>
    <None Include="docs\samples\runtime_sync_logs_fail_manual_resync_summary_request_id_format.txt">
      <Filter>docs\samples</Filter>
    </None>
    <None Include="docs\samples\runtime_sync_logs_fail_settings_success_request_id.txt">
      <Filter>docs\samples</Filter>
    </None>
    <None Include="docs\samples\runtime_sync_logs_fail_settings_success_request_id_format.txt">
      <Filter>docs\samples</Filter>
    </None>
    <None Include="docs\samples\runtime_sync_logs_pass.txt">
      <Filter>docs\samples</Filter>
    </None>
    <None Include="publish\SyncMvpApi.deps.json">
      <Filter>publish</Filter>
    </None>
    <None Include="publish\SyncMvpApi.dll">
      <Filter>publish</Filter>
    </None>
    <None Include="publish\SyncMvpApi.exe">
      <Filter>publish</Filter>
    </None>
    <None Include="publish\SyncMvpApi.pdb">
      <Filter>publish</Filter>
    </None>
    <None Include="publish\SyncMvpApi.runtimeconfig.json">
      <Filter>publish</Filter>
    </None>
    <None Include="publish\SyncMvpApi.staticwebassets.endpoints.json">
      <Filter>publish</Filter>
    </None>
    <None Include="publish\web.config">
      <Filter>publish</Filter>
    </None>
    <None Include="sync-mvp-api\.env.example">
      <Filter>sync-mvp-api</Filter>
    </None>
    <None Include="sync-mvp-api\Program.cs">
      <Filter>sync-mvp-api</Filter>
    </None>
    <None Include="sync-mvp-api\Properties\launchSettings.json">
      <Filter>sync-mvp-api\Properties</Filter>
    </None>
    <None Include="sync-mvp-api\README.md">
      <Filter>sync-mvp-api</Filter>
    </None>
    <None Include="sync-mvp-api\SyncMvpApi.csproj">
      <Filter>sync-mvp-api</Filter>
    </None>
    <None Include="sync-mvp-api\data\vault-store.json">
      <Filter>sync-mvp-api\data</Filter>
    </None>
    <None Include="sync-mvp-api\scripts\bootstrap_sync_mvp_api_host.sh">
      <Filter>sync-mvp-api\scripts</Filter>
    </None>
    <None Include="sync-mvp-api\scripts\deploy_sync_mvp_api_publish.sh">
      <Filter>sync-mvp-api\scripts</Filter>
    </None>
    <None Include="sync-mvp-api\scripts\nginx-sync-mvp-api.conf.example">
      <Filter>sync-mvp-api\scripts</Filter>
    </None>
    <None Include="sync-mvp-api\scripts\package_sync_mvp_api.cmd">
      <Filter>sync-mvp-api\scripts</Filter>
    </None>
    <None Include="sync-mvp-api\scripts\post_deploy_verify_sync_mvp_api.sh">
      <Filter>sync-mvp-api\scripts</Filter>
    </None>
    <None Include="sync-mvp-api\scripts\preflight_sync_mvp_api.sh">
      <Filter>sync-mvp-api\scripts</Filter>
    </None>
    <None Include="sync-mvp-api\scripts\prune_sync_mvp_api_backups.sh">
      <Filter>sync-mvp-api\scripts</Filter>
    </None>
    <None Include="sync-mvp-api\scripts\report_sync_mvp_api_status.sh">
      <Filter>sync-mvp-api\scripts</Filter>
    </None>
    <None Include="sync-mvp-api\scripts\rollback_sync_mvp_api.sh">
      <Filter>sync-mvp-api\scripts</Filter>
    </None>
    <None Include="sync-mvp-api\scripts\rotate_sync_mvp_api_token.sh">
      <Filter>sync-mvp-api\scripts</Filter>
    </None>
    <None Include="sync-mvp-api\scripts\smoke_sync_mvp_api.sh">
      <Filter>sync-mvp-api\scripts</Filter>
    </None>
    <None Include="sync-mvp-api\scripts\sync-mvp-api-maintenance.service.example">
      <Filter>sync-mvp-api\scripts</Filter>
    </None>
    <None Include="sync-mvp-api\scripts\sync-mvp-api-maintenance.timer.example">
      <Filter>sync-mvp-api\scripts</Filter>
    </None>
    <None Include="sync-mvp-api\scripts\sync-mvp-api.service.example">
      <Filter>sync-mvp-api\scripts</Filter>
    </None>
    <None Include="sync-mvp-api\sync-mvp-api-publish.tar.gz">
      <Filter>sync-mvp-api</Filter>
    </None>
    <None Include="tsupasswd_core_TemporaryKey.pfx" />
    <None Include="happyfactory.pfx" />
    <None Include="sync-mvp-api\SyncMvpApi.sln">
      <Filter>sync-mvp-api</Filter>
    </None>
  </ItemGroup>
  <ItemGroup>
    <ResourceCompile Include="PasskeyManager.rc" />
  </ItemGroup>
  <ItemGroup>
    <Natvis Include="$(MSBuildThisFileDirectory)..\..\natvis\wil.natvis" />
    <Natvis Include="$(MSBuildThisFileDirectory)..\..\natvis\wil.natstepfilter" />
  </ItemGroup>
</Project>